<?xml version="1.0" encoding="utf-8"?>
<Project ToolsVersion="4.0" xmlns="http://schemas.microsoft.com/developer/msbuild/2003">
  <ItemGroup>
    <ClCompile Include="pch.cpp" />
    <ClCompile Include="DiContainerTest\DiContainerTest.cpp">
      <Filter>DiContainerTest</Filter>
    </ClCompile>
    <ClCompile Include="DiContainerTest\SomeInjectee.cpp">
      <Filter>DiContainerTest\TestTypes</Filter>
    </ClCompile>
    <ClCompile Include="DiContainerTest\TestDiContainer.cpp">
      <Filter>DiContainerTest</Filter>
    </ClCompile>
    <ClCompile Include="DiContainerTest\TypeToInject.cpp">
      <Filter>DiContainerTest\TestTypes</Filter>
    </ClCompile>
    <ClCompile Include="DiContainerTest\TypeToInjectBase.cpp">
      <Filter>DiContainerTest\TestTypes</Filter>
    </ClCompile>
    <ClCompile Include="logger_stream.cpp" />
    <ClCompile Include="PropertyTest\PropertyTest.cpp">
      <Filter>PropertyTest</Filter>
    </ClCompile>
    <ClCompile Include="PropertyTest\property_user_1.cpp">
      <Filter>PropertyTest</Filter>
    </ClCompile>
    <ClCompile Include="EventTest\event_user.cpp">
      <Filter>EventTest</Filter>
    </ClCompile>
    <ClCompile Include="EventTest\EventTest.cpp">
      <Filter>EventTest</Filter>
    </ClCompile>
    <ClCompile Include="DiContainerTest\SignalUser.cpp">
      <Filter>DiContainerTest</Filter>
    </ClCompile>
    <ClCompile Include="ReflectionTest\ReflectionTest.cpp" />
  </ItemGroup>
  <ItemGroup>
    <ClInclude Include="pch.h" />
    <ClInclude Include="DiContainerTest\IInterfaceToInject.h">
      <Filter>DiContainerTest\TestTypes</Filter>
    </ClInclude>
    <ClInclude Include="DiContainerTest\SomeInjectee.h">
      <Filter>DiContainerTest\TestTypes</Filter>
    </ClInclude>
    <ClInclude Include="DiContainerTest\TestDiContainer.h">
      <Filter>DiContainerTest</Filter>
    </ClInclude>
    <ClInclude Include="DiContainerTest\TypeToInject.h">
      <Filter>DiContainerTest\TestTypes</Filter>
    </ClInclude>
    <ClInclude Include="DiContainerTest\TypeToInjectBase.h">
      <Filter>DiContainerTest\TestTypes</Filter>
    </ClInclude>
    <ClInclude Include="logger_stream.h" />
    <ClInclude Include="PropertyTest\property_user_2.h">
      <Filter>PropertyTest</Filter>
    </ClInclude>
    <ClInclude Include="PropertyTest\property_user_1.h">
      <Filter>PropertyTest</Filter>
    </ClInclude>
    <ClInclude Include="EventTest\event_user.h">
      <Filter>EventTest</Filter>
    </ClInclude>
    <ClInclude Include="EventTest\global_methods.h">
      <Filter>EventTest</Filter>
    </ClInclude>
    <ClInclude Include="DiContainerTest\SignalUser.h">
      <Filter>DiContainerTest</Filter>
    </ClInclude>
    <ClInclude Include="DiContainerTest\TestSignalPack.h">
      <Filter>DiContainerTest</Filter>
    </ClInclude>
    <ClInclude Include="EventTest\some_class.h">
      <Filter>EventTest</Filter>
    </ClInclude>
  </ItemGroup>
  <ItemGroup>
    <Filter Include="DiContainerTest">
      <UniqueIdentifier>{6a1e389e-b654-4dba-9a67-cb108f0a470d}</UniqueIdentifier>
    </Filter>
    <Filter Include="PropertyTest">
      <UniqueIdentifier>{cad53138-a4bb-4c82-9fcc-409fa95b1177}</UniqueIdentifier>
    </Filter>
    <Filter Include="DiContainerTest\TestTypes">
      <UniqueIdentifier>{23148674-c219-4973-af9d-97399b016afb}</UniqueIdentifier>
    </Filter>
    <Filter Include="EventTest">
      <UniqueIdentifier>{fa94cb31-1fa1-423b-b3a6-2ba960f49a83}</UniqueIdentifier>
    </Filter>
  </ItemGroup>
</Project>