<?xml version="1.0" encoding="utf-8"?>
<Project ToolsVersion="4.0" xmlns="http://schemas.microsoft.com/developer/msbuild/2003">
  <ItemGroup>
    <ClInclude Include="pch.h" />
    <ClInclude Include="netranexception.h" />
    <ClInclude Include="zx_event.h" />
    <ClInclude Include="zx_it_range.h" />
    <ClInclude Include="zx_payload.h" />
    <ClInclude Include="zx_socket.h" />
    <ClInclude Include="tcp_server.h" />
    <ClInclude Include="tcp_client.h" />
    <ClInclude Include="netransferator_enums.h" />
    <ClInclude Include="netransferator_defines.h" />
    <ClInclude Include="net_tools.h" />
    <ClInclude Include="netransferator.h" />
  </ItemGroup>
  <ItemGroup>
    <ClCompile Include="pch.cpp" />
    <ClCompile Include="netranexception.cpp" />
    <ClCompile Include="zx_socket.cpp" />
    <ClCompile Include="tcp_server.cpp" />
    <ClCompile Include="tcp_client.cpp" />
    <ClCompile Include="net_tools.cpp" />
  </ItemGroup>
  <ItemGroup>
    <Filter Include="Export">
      <UniqueIdentifier>{95dbc076-02a5-4ed6-a845-dc0b8a74b80d}</UniqueIdentifier>
    </Filter>
  </ItemGroup>
</Project>